
Microsoft Visual Studio Solution File, Format Version 12.00
# Visual Studio Version 17
VisualStudioVersion = 17.6.33723.286
MinimumVisualStudioVersion = 10.0.40219.1
Project("{FAE04EC0-301F-11D3-BF4B-00C04F79EFBC}") = "manager", "manager\manager.csproj", "{5726B89B-4279-4747-97C6-F606C7AC0082}"
EndProject
Global
	GlobalSection(SolutionConfigurationPlatforms) = preSolution
		Debug|Any CPU = Debug|Any CPU
		Release|Any CPU = Release|Any CPU
	EndGlobalSection
	GlobalSection(ProjectConfigurationPlatforms) = postSolution
		{5726B89B-4279-4747-97C6-F606C7AC0082}.Debug|Any CPU.ActiveCfg = Debug|Any CPU
		{5726B89B-4279-4747-97C6-F606C7AC0082}.Debug|Any CPU.Build.0 = Debug|Any CPU
		{5726B89B-4279-4747-97C6-F606C7AC0082}.Release|Any CPU.ActiveCfg = Release|Any CPU
		{5726B89B-4279-4747-97C6-F606C7AC0082}.Release|Any CPU.Build.0 = Release|Any CPU
	EndGlobalSection
	GlobalSection(SolutionProperties) = preSolution
		HideSolutionNode = FALSE
	EndGlobalSection
	GlobalSection(ExtensibilityGlobals) = postSolution
		SolutionGuid = {1B7864DB-E325-4885-91C6-CDAC7EB11DBF}
	EndGlobalSection
EndGlobal
